
Microsoft Visual Studio Solution File, Format Version 12.00
# Visual Studio Version 16
VisualStudioVersion = 16.0.30907.101
MinimumVisualStudioVersion = 10.0.40219.1
Project("{FAE04EC0-301F-11D3-BF4B-00C04F79EFBC}") = "VS_first_experience_Github", "VS_first_experience_Github\VS_first_experience_Github.csproj", "{A9B2E6F0-66BE-4CB1-8BDD-0B455287C4F0}"
EndProject
Global
	GlobalSection(SolutionConfigurationPlatforms) = preSolution
		Debug|Any CPU = Debug|Any CPU
		Release|Any CPU = Release|Any CPU
	EndGlobalSection
	GlobalSection(ProjectConfigurationPlatforms) = postSolution
		{A9B2E6F0-66BE-4CB1-8BDD-0B455287C4F0}.Debug|Any CPU.ActiveCfg = Debug|Any CPU
		{A9B2E6F0-66BE-4CB1-8BDD-0B455287C4F0}.Debug|Any CPU.Build.0 = Debug|Any CPU
		{A9B2E6F0-66BE-4CB1-8BDD-0B455287C4F0}.Release|Any CPU.ActiveCfg = Release|Any CPU
		{A9B2E6F0-66BE-4CB1-8BDD-0B455287C4F0}.Release|Any CPU.Build.0 = Release|Any CPU
	EndGlobalSection
	GlobalSection(SolutionProperties) = preSolution
		HideSolutionNode = FALSE
	EndGlobalSection
	GlobalSection(ExtensibilityGlobals) = postSolution
		SolutionGuid = {16896FE3-1C21-40DB-8633-C023CD35A334}
	EndGlobalSection
EndGlobal
